// !$*UTF8*$!
{
	archiveVersion = 1;
	classes = {};
	objectVersion = 54;
	objects = {

/* Begin PBXBuildFile section */
		A10000000000000000000001 /* AppDelegate.swift in Sources */ = {isa = PBXBuildFile; fileRef = A10000000000000000000011 /* AppDelegate.swift */; };
		A10000000000000000000002 /* GeneratedPluginRegistrant.m in Sources */ = {isa = PBXBuildFile; fileRef = A10000000000000000000012 /* GeneratedPluginRegistrant.m */; };
		A10000000000000000000003 /* Main.storyboard in Resources */ = {isa = PBXBuildFile; fileRef = A10000000000000000000013 /* Main.storyboard */; };
		A10000000000000000000004 /* LaunchScreen.storyboard in Resources */ = {isa = PBXBuildFile; fileRef = A10000000000000000000014 /* LaunchScreen.storyboard */; };
		A10000000000000000000005 /* Assets.xcassets in Resources */ = {isa = PBXBuildFile; fileRef = A10000000000000000000015 /* Assets.xcassets */; };
/* End PBXBuildFile section */

/* Begin PBXFileReference section */
		A10000000000000000000011 /* AppDelegate.swift */ = {isa = PBXFileReference; lastKnownFileType = sourcecode.swift; path = AppDelegate.swift; sourceTree = "<group>"; };
		A10000000000000000000012 /* GeneratedPluginRegistrant.m */ = {isa = PBXFileReference; lastKnownFileType = sourcecode.c.objc; path = GeneratedPluginRegistrant.m; sourceTree = "<group>"; };
		A10000000000000000000019 /* GeneratedPluginRegistrant.h */ = {isa = PBXFileReference; lastKnownFileType = sourcecode.c.h; path = GeneratedPluginRegistrant.h; sourceTree = "<group>"; };
		A10000000000000000000013 /* Main.storyboard */ = {isa = PBXFileReference; lastKnownFileType = file.storyboard; name = Main.storyboard; path = Base.lproj/Main.storyboard; sourceTree = "<group>"; };
		A10000000000000000000014 /* LaunchScreen.storyboard */ = {isa = PBXFileReference; lastKnownFileType = file.storyboard; name = LaunchScreen.storyboard; path = Base.lproj/LaunchScreen.storyboard; sourceTree = "<group>"; };
		A10000000000000000000015 /* Assets.xcassets */ = {isa = PBXFileReference; lastKnownFileType = folder.assetcatalog; path = Assets.xcassets; sourceTree = "<group>"; };
		A10000000000000000000016 /* Info.plist */ = {isa = PBXFileReference; lastKnownFileType = text.plist.xml; path = Info.plist; sourceTree = "<group>"; };
		A10000000000000000000017 /* Runner.app */ = {isa = PBXFileReference; explicitFileType = wrapper.application; includeInIndex = 0; path = Runner.app; sourceTree = BUILT_PRODUCTS_DIR; };
		A10000000000000000000018 /* Flutter */ = {isa = PBXFileReference; lastKnownFileType = folder; path = Flutter; sourceTree = "<group>"; };
/* End PBXFileReference section */

/* Begin PBXFrameworksBuildPhase section */
		A10000000000000000000021 /* Frameworks */ = {isa = PBXFrameworksBuildPhase; buildActionMask = 2147483647; files = (); runOnlyForDeploymentPostprocessing = 0; };
/* End PBXFrameworksBuildPhase section */

/* Begin PBXGroup section */
		A10000000000000000000031 = {isa = PBXGroup; children = (A10000000000000000000032 /* Runner */, A10000000000000000000018 /* Flutter */, A10000000000000000000033 /* Products */); sourceTree = "<group>"; };
		A10000000000000000000032 /* Runner */ = {isa = PBXGroup; children = (A10000000000000000000011 /* AppDelegate.swift */, A10000000000000000000012 /* GeneratedPluginRegistrant.m */, A10000000000000000000019 /* GeneratedPluginRegistrant.h */, A10000000000000000000013 /* Main.storyboard */, A10000000000000000000014 /* LaunchScreen.storyboard */, A10000000000000000000015 /* Assets.xcassets */, A10000000000000000000016 /* Info.plist */); path = Runner; sourceTree = "<group>"; };
		A10000000000000000000033 /* Products */ = {isa = PBXGroup; children = (A10000000000000000000017 /* Runner.app */); name = Products; sourceTree = "<group>"; };
/* End PBXGroup section */

/* Begin PBXNativeTarget section */
		A10000000000000000000041 /* Runner */ = {isa = PBXNativeTarget; buildConfigurationList = A10000000000000000000051 /* Build configuration list for PBXNativeTarget "Runner" */; buildPhases = (A10000000000000000000022 /* Sources */, A10000000000000000000021 /* Frameworks */, A10000000000000000000023 /* Resources */, A10000000000000000000024 /* Embed Frameworks */, A10000000000000000000025 /* Thin Binary */); buildRules = (); dependencies = (); name = Runner; productName = Runner; productReference = A10000000000000000000017 /* Runner.app */; productType = "com.apple.product-type.application"; };
/* End PBXNativeTarget section */

/* Begin PBXProject section */
		A10000000000000000000061 /* Project object */ = {isa = PBXProject; attributes = { LastUpgradeCheck = 1530; TargetAttributes = { A10000000000000000000041 = {CreatedOnToolsVersion = 15.0;}; }; }; buildConfigurationList = A10000000000000000000052 /* Build configuration list for PBXProject "Runner" */; compatibilityVersion = "Xcode 14.0"; developmentRegion = en; hasScannedForEncodings = 0; knownRegions = (en, Base); mainGroup = A10000000000000000000031; productRefGroup = A10000000000000000000033 /* Products */; projectDirPath = ""; projectRoot = ""; targets = (A10000000000000000000041 /* Runner */); };
/* End PBXProject section */

/* Begin PBXResourcesBuildPhase section */
		A10000000000000000000023 /* Resources */ = {isa = PBXResourcesBuildPhase; buildActionMask = 2147483647; files = (A10000000000000000000003 /* Main.storyboard in Resources */, A10000000000000000000004 /* LaunchScreen.storyboard in Resources */, A10000000000000000000005 /* Assets.xcassets in Resources */); runOnlyForDeploymentPostprocessing = 0; };
/* End PBXResourcesBuildPhase section */

/* Begin PBXShellScriptBuildPhase section */
		A10000000000000000000024 /* Embed Frameworks */ = {isa = PBXShellScriptBuildPhase; buildActionMask = 2147483647; files = (); inputPaths = (); name = "Embed Frameworks"; outputPaths = (); runOnlyForDeploymentPostprocessing = 0; shellPath = /bin/sh; shellScript = "/bin/sh \"$FLUTTER_ROOT/packages/flutter_tools/bin/xcode_backend.sh\" embed_and_thin"; };
		A10000000000000000000025 /* Thin Binary */ = {isa = PBXShellScriptBuildPhase; buildActionMask = 2147483647; files = (); inputPaths = (); name = "Thin Binary"; outputPaths = (); runOnlyForDeploymentPostprocessing = 0; shellPath = /bin/sh; shellScript = "/bin/sh \"$FLUTTER_ROOT/packages/flutter_tools/bin/xcode_backend.sh\" build"; };
/* End PBXShellScriptBuildPhase section */

/* Begin PBXSourcesBuildPhase section */
		A10000000000000000000022 /* Sources */ = {isa = PBXSourcesBuildPhase; buildActionMask = 2147483647; files = (A10000000000000000000001 /* AppDelegate.swift in Sources */, A10000000000000000000002 /* GeneratedPluginRegistrant.m in Sources */); runOnlyForDeploymentPostprocessing = 0; };
/* End PBXSourcesBuildPhase section */

/* Begin XCBuildConfiguration section */
		A10000000000000000000071 /* Debug */ = {isa = XCBuildConfiguration; buildSettings = { ALWAYS_SEARCH_USER_PATHS = NO; CLANG_ANALYZER_NONNULL = YES; CLANG_CXX_LANGUAGE_STANDARD = "gnu++0x"; CLANG_CXX_LIBRARY = "libc++"; CLANG_ENABLE_MODULES = YES; CLANG_ENABLE_OBJC_ARC = YES; CLANG_WARN_BOOL_CONVERSION = YES; CLANG_WARN_CONSTANT_CONVERSION = YES; CLANG_WARN_DIRECT_OBJC_ISA_USAGE = YES_ERROR; CLANG_WARN_EMPTY_BODY = YES; CLANG_WARN_ENUM_CONVERSION = YES; CLANG_WARN_INFINITE_RECURSION = YES; CLANG_WARN_INT_CONVERSION = YES; CLANG_WARN_UNREACHABLE_CODE = YES; COPY_PHASE_STRIP = NO; DEBUG_INFORMATION_FORMAT = dwarf; ENABLE_STRICT_OBJC_MSGSEND = YES; GCC_C_LANGUAGE_STANDARD = gnu99; GCC_DYNAMIC_NO_PIC = NO; GCC_NO_COMMON_BLOCKS = YES; GCC_OPTIMIZATION_LEVEL = 0; GCC_PREPROCESSOR_DEFINITIONS = ("DEBUG=1", "$(inherited)"); GCC_WARN_64_TO_32_BIT_CONVERSION = YES; GCC_WARN_ABOUT_RETURN_TYPE = YES_ERROR; GCC_WARN_UNDECLARED_SELECTOR = YES; GCC_WARN_UNINITIALIZED_AUTOS = YES_AGGRESSIVE; GCC_WARN_UNUSED_FUNCTION = YES; GCC_WARN_UNUSED_VARIABLE = YES; IPHONEOS_DEPLOYMENT_TARGET = 13.0; MTL_ENABLE_DEBUG_INFO = INCLUDE_SOURCE; ONLY_ACTIVE_ARCH = YES; SDKROOT = iphoneos; }; name = Debug; };
		A10000000000000000000072 /* Release */ = {isa = XCBuildConfiguration; buildSettings = { ALWAYS_SEARCH_USER_PATHS = NO; CLANG_ANALYZER_NONNULL = YES; CLANG_CXX_LANGUAGE_STANDARD = "gnu++0x"; CLANG_CXX_LIBRARY = "libc++"; CLANG_ENABLE_MODULES = YES; CLANG_ENABLE_OBJC_ARC = YES; CLANG_WARN_BOOL_CONVERSION = YES; CLANG_WARN_CONSTANT_CONVERSION = YES; CLANG_WARN_CONSTANT_CONVERSION = YES; COPY_PHASE_STRIP = NO; DEBUG_INFORMATION_FORMAT = "dwarf-with-dsym"; ENABLE_NS_ASSERTIONS = NO; GCC_C_LANGUAGE_STANDARD = gnu99; GCC_NO_COMMON_BLOCKS = YES; GCC_WARN_64_TO_32_BIT_CONVERSION = YES; GCC_WARN_ABOUT_RETURN_TYPE = YES_ERROR; GCC_WARN_UNDECLARED_SELECTOR = YES; GCC_WARN_UNINITIALIZED_AUTOS = YES_AGGRESSIVE; GCC_WARN_UNUSED_FUNCTION = YES; GCC_WARN_UNUSED_VARIABLE = YES; IPHONEOS_DEPLOYMENT_TARGET = 13.0; SDKROOT = iphoneos; VALIDATE_PRODUCT = YES; }; name = Release; };
		A10000000000000000000073 /* Profile */ = {isa = XCBuildConfiguration; buildSettings = { ALWAYS_SEARCH_USER_PATHS = NO; CLANG_ENABLE_MODULES = YES; CLANG_ENABLE_OBJC_ARC = YES; COPY_PHASE_STRIP = NO; DEBUG_INFORMATION_FORMAT = "dwarf-with-dsym"; IPHONEOS_DEPLOYMENT_TARGET = 13.0; SDKROOT = iphoneos; }; name = Profile; };
		A10000000000000000000074 /* Debug */ = {isa = XCBuildConfiguration; baseConfigurationReference = A10000000000000000000081 /* Debug.xcconfig */; buildSettings = { ASSETCATALOG_COMPILER_APPICON_NAME = AppIcon; CLANG_ENABLE_MODULES = YES; CURRENT_PROJECT_VERSION = "$(FLUTTER_BUILD_NUMBER)"; DEVELOPMENT_TEAM = ""; ENABLE_BITCODE = NO; INFOPLIST_FILE = Runner/Info.plist; LD_RUNPATH_SEARCH_PATHS = "$(inherited) @executable_path/Frameworks"; PRODUCT_BUNDLE_IDENTIFIER = com.chatpop.app; PRODUCT_NAME = "$(TARGET_NAME)"; SWIFT_OBJC_BRIDGING_HEADER = "Runner/Runner-Bridging-Header.h"; SWIFT_VERSION = 5.0; VERSIONING_SYSTEM = "apple-generic"; }; name = Debug; };
		A10000000000000000000075 /* Release */ = {isa = XCBuildConfiguration; baseConfigurationReference = A10000000000000000000082 /* Release.xcconfig */; buildSettings = { ASSETCATALOG_COMPILER_APPICON_NAME = AppIcon; CLANG_ENABLE_MODULES = YES; CURRENT_PROJECT_VERSION = "$(FLUTTER_BUILD_NUMBER)"; DEVELOPMENT_TEAM = ""; ENABLE_BITCODE = NO; INFOPLIST_FILE = Runner/Info.plist; LD_RUNPATH_SEARCH_PATHS = "$(inherited) @executable_path/Frameworks"; PRODUCT_BUNDLE_IDENTIFIER = com.chatpop.app; PRODUCT_NAME = "$(TARGET_NAME)"; SWIFT_OBJC_BRIDGING_HEADER = "Runner/Runner-Bridging-Header.h"; SWIFT_VERSION = 5.0; VERSIONING_SYSTEM = "apple-generic"; }; name = Release; };
		A10000000000000000000076 /* Profile */ = {isa = XCBuildConfiguration; baseConfigurationReference = A10000000000000000000082 /* Release.xcconfig */; buildSettings = { ASSETCATALOG_COMPILER_APPICON_NAME = AppIcon; CLANG_ENABLE_MODULES = YES; CURRENT_PROJECT_VERSION = "$(FLUTTER_BUILD_NUMBER)"; DEVELOPMENT_TEAM = ""; ENABLE_BITCODE = NO; INFOPLIST_FILE = Runner/Info.plist; LD_RUNPATH_SEARCH_PATHS = "$(inherited) @executable_path/Frameworks"; PRODUCT_BUNDLE_IDENTIFIER = com.chatpop.app; PRODUCT_NAME = "$(TARGET_NAME)"; SWIFT_OBJC_BRIDGING_HEADER = "Runner/Runner-Bridging-Header.h"; SWIFT_VERSION = 5.0; VERSIONING_SYSTEM = "apple-generic"; }; name = Profile; };
/* End XCBuildConfiguration section */

/* Begin XCConfigurationList section */
		A10000000000000000000051 /* Build configuration list for PBXNativeTarget "Runner" */ = {isa = XCConfigurationList; buildConfigurations = (A10000000000000000000074 /* Debug */, A10000000000000000000075 /* Release */, A10000000000000000000076 /* Profile */); defaultConfigurationIsVisible = 0; defaultConfigurationName = Release; };
		A10000000000000000000052 /* Build configuration list for PBXProject "Runner" */ = {isa = XCConfigurationList; buildConfigurations = (A10000000000000000000071 /* Debug */, A10000000000000000000072 /* Release */, A10000000000000000000073 /* Profile */); defaultConfigurationIsVisible = 0; defaultConfigurationName = Release; };
/* End XCConfigurationList section */

/* Begin PBXFileReference section */
		A10000000000000000000081 /* Debug.xcconfig */ = {isa = PBXFileReference; lastKnownFileType = text.xcconfig; path = Debug.xcconfig; sourceTree = "<group>"; };
		A10000000000000000000082 /* Release.xcconfig */ = {isa = PBXFileReference; lastKnownFileType = text.xcconfig; path = Release.xcconfig; sourceTree = "<group>"; };
/* End PBXFileReference section */
	};
	rootObject = A10000000000000000000061 /* Project object */;
}
